
Microsoft Visual Studio Solution File, Format Version 12.00
# Visual Studio Version 17
VisualStudioVersion = 17.2.32516.85
MinimumVisualStudioVersion = 10.0.40219.1
Project("{FAE04EC0-301F-11D3-BF4B-00C04F79EFBC}") = "Nlayer.Core", "Nlayer.Core\Nlayer.Core.csproj", "{22D323B9-3CA9-4C6E-9531-E0C78DCF4E70}"
EndProject
Project("{FAE04EC0-301F-11D3-BF4B-00C04F79EFBC}") = "NLayer.Repository", "NLayer.Repository\NLayer.Repository.csproj", "{B0A091E5-B785-4706-BCC4-1BD8E7234469}"
EndProject
Project("{FAE04EC0-301F-11D3-BF4B-00C04F79EFBC}") = "NLayer.Service", "NLayer.Service\NLayer.Service.csproj", "{CAB2FDE4-42BC-4A05-BF71-40C67B49B6B1}"
EndProject
Project("{FAE04EC0-301F-11D3-BF4B-00C04F79EFBC}") = "NLayer.API", "NLayer.API\NLayer.API.csproj", "{69BF25C8-EB72-4E35-AF94-D80F79260520}"
EndProject
Project("{FAE04EC0-301F-11D3-BF4B-00C04F79EFBC}") = "NLayer.Web", "NLayer.Web\NLayer.Web.csproj", "{CC73FDB1-9E06-48E5-BD5A-27FF5A4BDF25}"
EndProject
Global
	GlobalSection(SolutionConfigurationPlatforms) = preSolution
		Debug|Any CPU = Debug|Any CPU
		Release|Any CPU = Release|Any CPU
	EndGlobalSection
	GlobalSection(ProjectConfigurationPlatforms) = postSolution
		{22D323B9-3CA9-4C6E-9531-E0C78DCF4E70}.Debug|Any CPU.ActiveCfg = Debug|Any CPU
		{22D323B9-3CA9-4C6E-9531-E0C78DCF4E70}.Debug|Any CPU.Build.0 = Debug|Any CPU
		{22D323B9-3CA9-4C6E-9531-E0C78DCF4E70}.Release|Any CPU.ActiveCfg = Release|Any CPU
		{22D323B9-3CA9-4C6E-9531-E0C78DCF4E70}.Release|Any CPU.Build.0 = Release|Any CPU
		{B0A091E5-B785-4706-BCC4-1BD8E7234469}.Debug|Any CPU.ActiveCfg = Debug|Any CPU
		{B0A091E5-B785-4706-BCC4-1BD8E7234469}.Debug|Any CPU.Build.0 = Debug|Any CPU
		{B0A091E5-B785-4706-BCC4-1BD8E7234469}.Release|Any CPU.ActiveCfg = Release|Any CPU
		{B0A091E5-B785-4706-BCC4-1BD8E7234469}.Release|Any CPU.Build.0 = Release|Any CPU
		{CAB2FDE4-42BC-4A05-BF71-40C67B49B6B1}.Debug|Any CPU.ActiveCfg = Debug|Any CPU
		{CAB2FDE4-42BC-4A05-BF71-40C67B49B6B1}.Debug|Any CPU.Build.0 = Debug|Any CPU
		{CAB2FDE4-42BC-4A05-BF71-40C67B49B6B1}.Release|Any CPU.ActiveCfg = Release|Any CPU
		{CAB2FDE4-42BC-4A05-BF71-40C67B49B6B1}.Release|Any CPU.Build.0 = Release|Any CPU
		{69BF25C8-EB72-4E35-AF94-D80F79260520}.Debug|Any CPU.ActiveCfg = Debug|Any CPU
		{69BF25C8-EB72-4E35-AF94-D80F79260520}.Debug|Any CPU.Build.0 = Debug|Any CPU
		{69BF25C8-EB72-4E35-AF94-D80F79260520}.Release|Any CPU.ActiveCfg = Release|Any CPU
		{69BF25C8-EB72-4E35-AF94-D80F79260520}.Release|Any CPU.Build.0 = Release|Any CPU
		{CC73FDB1-9E06-48E5-BD5A-27FF5A4BDF25}.Debug|Any CPU.ActiveCfg = Debug|Any CPU
		{CC73FDB1-9E06-48E5-BD5A-27FF5A4BDF25}.Debug|Any CPU.Build.0 = Debug|Any CPU
		{CC73FDB1-9E06-48E5-BD5A-27FF5A4BDF25}.Release|Any CPU.ActiveCfg = Release|Any CPU
		{CC73FDB1-9E06-48E5-BD5A-27FF5A4BDF25}.Release|Any CPU.Build.0 = Release|Any CPU
	EndGlobalSection
	GlobalSection(SolutionProperties) = preSolution
		HideSolutionNode = FALSE
	EndGlobalSection
	GlobalSection(ExtensibilityGlobals) = postSolution
		SolutionGuid = {0BFD3A3A-06CC-45D7-8CCC-4E643A3F48C4}
	EndGlobalSection
EndGlobal
